Microsoft Visual Studio Solution File, Format Version 12.00
# Visual Studio Version 17
VisualStudioVersion = 17.4.33205.214
MinimumVisualStudioVersion = 10.0.40219.1
Project("{9A19103F-16F7-4668-BE54-9A1E7A4F7556}") = "PalworldServerManager", "PalworldServerManager.csproj", "{0895D895-DF3E-498B-9890-B8B6C529C626}"
EndProject
Global
	GlobalSection(SolutionConfigurationPlatforms) = preSolution
		Debug|Any CPU = Debug|Any CPU
		Debug|x64 = Debug|x64
		Release|Any CPU = Release|Any CPU
		Release|x64 = Release|x64
	EndGlobalSection
	GlobalSection(ProjectConfigurationPlatforms) = postSolution
		{0895D895-DF3E-498B-9890-B8B6C529C626}.Debug|Any CPU.ActiveCfg = Debug|Any CPU
		{0895D895-DF3E-498B-9890-B8B6C529C626}.Debug|Any CPU.Build.0 = Debug|Any CPU
		{0895D895-DF3E-498B-9890-B8B6C529C626}.Debug|x64.ActiveCfg = Debug|x64
		{0895D895-DF3E-498B-9890-B8B6C529C626}.Debug|x64.Build.0 = Debug|x64
		{0895D895-DF3E-498B-9890-B8B6C529C626}.Release|Any CPU.ActiveCfg = Release|Any CPU
		{0895D895-DF3E-498B-9890-B8B6C529C626}.Release|Any CPU.Build.0 = Release|Any CPU
		{0895D895-DF3E-498B-9890-B8B6C529C626}.Release|x64.ActiveCfg = Release|x64
		{0895D895-DF3E-498B-9890-B8B6C529C626}.Release|x64.Build.0 = Release|x64
	EndGlobalSection
	GlobalSection(SolutionProperties) = preSolution
		HideSolutionNode = FALSE
	EndGlobalSection
	GlobalSection(ExtensibilityGlobals) = postSolution
		SolutionGuid = {4A263F40-02FD-4043-AC86-DA994E3C73A6}
	EndGlobalSection
EndGlobal
